
Microsoft Visual Studio Solution File, Format Version 12.00
# Visual Studio Version 16
VisualStudioVersion = 16.0.30907.101
MinimumVisualStudioVersion = 10.0.40219.1
Project("{FAE04EC0-301F-11D3-BF4B-00C04F79EFBC}") = "ContentManagement.Presentation", "ContentManagement.Presentation\ContentManagement.Presentation.csproj", "{2330474A-9716-4CA7-917B-DAD16F9B4435}"
EndProject
Project("{FAE04EC0-301F-11D3-BF4B-00C04F79EFBC}") = "ContentManagement.Persistence", "ContentManagement.Persistence\ContentManagement.Persistence.csproj", "{9F584C0D-3A2C-4818-84C6-9835357973AE}"
EndProject
Project("{FAE04EC0-301F-11D3-BF4B-00C04F79EFBC}") = "ContentManagement.Domain", "ContentManagement.Model\ContentManagement.Domain.csproj", "{03BCADE8-3803-4A00-A06E-BE7DF72B46B2}"
EndProject
Project("{FAE04EC0-301F-11D3-BF4B-00C04F79EFBC}") = "ContentManagement.Infrastructure", "ContentManagement.Infrastructure\ContentManagement.Infrastructure.csproj", "{136E96A8-FE6C-4D09-B992-36A72540CDD6}"
EndProject
Project("{FAE04EC0-301F-11D3-BF4B-00C04F79EFBC}") = "ContentManagement.Application", "ContentManagement.Application\ContentManagement.Application.csproj", "{3E46A58C-E406-4653-B267-8C0D4E56F98F}"
EndProject
Project("{FAE04EC0-301F-11D3-BF4B-00C04F79EFBC}") = "ContentManagement.Identity", "ContentManagement.Identity\ContentManagement.Identity.csproj", "{0CAC7DCC-1B82-49ED-86B6-2C1BAF11A19A}"
EndProject
Global
	GlobalSection(SolutionConfigurationPlatforms) = preSolution
		Debug|Any CPU = Debug|Any CPU
		Release|Any CPU = Release|Any CPU
	EndGlobalSection
	GlobalSection(ProjectConfigurationPlatforms) = postSolution
		{2330474A-9716-4CA7-917B-DAD16F9B4435}.Debug|Any CPU.ActiveCfg = Debug|Any CPU
		{2330474A-9716-4CA7-917B-DAD16F9B4435}.Debug|Any CPU.Build.0 = Debug|Any CPU
		{2330474A-9716-4CA7-917B-DAD16F9B4435}.Release|Any CPU.ActiveCfg = Release|Any CPU
		{2330474A-9716-4CA7-917B-DAD16F9B4435}.Release|Any CPU.Build.0 = Release|Any CPU
		{9F584C0D-3A2C-4818-84C6-9835357973AE}.Debug|Any CPU.ActiveCfg = Debug|Any CPU
		{9F584C0D-3A2C-4818-84C6-9835357973AE}.Debug|Any CPU.Build.0 = Debug|Any CPU
		{9F584C0D-3A2C-4818-84C6-9835357973AE}.Release|Any CPU.ActiveCfg = Release|Any CPU
		{9F584C0D-3A2C-4818-84C6-9835357973AE}.Release|Any CPU.Build.0 = Release|Any CPU
		{03BCADE8-3803-4A00-A06E-BE7DF72B46B2}.Debug|Any CPU.ActiveCfg = Debug|Any CPU
		{03BCADE8-3803-4A00-A06E-BE7DF72B46B2}.Debug|Any CPU.Build.0 = Debug|Any CPU
		{03BCADE8-3803-4A00-A06E-BE7DF72B46B2}.Release|Any CPU.ActiveCfg = Release|Any CPU
		{03BCADE8-3803-4A00-A06E-BE7DF72B46B2}.Release|Any CPU.Build.0 = Release|Any CPU
		{136E96A8-FE6C-4D09-B992-36A72540CDD6}.Debug|Any CPU.ActiveCfg = Debug|Any CPU
		{136E96A8-FE6C-4D09-B992-36A72540CDD6}.Debug|Any CPU.Build.0 = Debug|Any CPU
		{136E96A8-FE6C-4D09-B992-36A72540CDD6}.Release|Any CPU.ActiveCfg = Release|Any CPU
		{136E96A8-FE6C-4D09-B992-36A72540CDD6}.Release|Any CPU.Build.0 = Release|Any CPU
		{3E46A58C-E406-4653-B267-8C0D4E56F98F}.Debug|Any CPU.ActiveCfg = Debug|Any CPU
		{3E46A58C-E406-4653-B267-8C0D4E56F98F}.Debug|Any CPU.Build.0 = Debug|Any CPU
		{3E46A58C-E406-4653-B267-8C0D4E56F98F}.Release|Any CPU.ActiveCfg = Release|Any CPU
		{3E46A58C-E406-4653-B267-8C0D4E56F98F}.Release|Any CPU.Build.0 = Release|Any CPU
		{0CAC7DCC-1B82-49ED-86B6-2C1BAF11A19A}.Debug|Any CPU.ActiveCfg = Debug|Any CPU
		{0CAC7DCC-1B82-49ED-86B6-2C1BAF11A19A}.Debug|Any CPU.Build.0 = Debug|Any CPU
		{0CAC7DCC-1B82-49ED-86B6-2C1BAF11A19A}.Release|Any CPU.ActiveCfg = Release|Any CPU
		{0CAC7DCC-1B82-49ED-86B6-2C1BAF11A19A}.Release|Any CPU.Build.0 = Release|Any CPU
	EndGlobalSection
	GlobalSection(SolutionProperties) = preSolution
		HideSolutionNode = FALSE
	EndGlobalSection
	GlobalSection(ExtensibilityGlobals) = postSolution
		SolutionGuid = {822847C4-B6BC-4BAF-A428-67834AD548AF}
	EndGlobalSection
EndGlobal
